
Microsoft Visual Studio Solution File, Format Version 12.00
# Visual Studio Version 16
VisualStudioVersion = 16.0.30503.244
MinimumVisualStudioVersion = 10.0.40219.1
Project("{FAE04EC0-301F-11D3-BF4B-00C04F79EFBC}") = "ApiDemoApp", "ApiDemoApp\ApiDemoApp.csproj", "{48213F1D-2279-45DD-B44F-FA903BD935FF}"
EndProject
Global
	GlobalSection(SolutionConfigurationPlatforms) = preSolution
		Debug|Any CPU = Debug|Any CPU
		Release|Any CPU = Release|Any CPU
	EndGlobalSection
	GlobalSection(ProjectConfigurationPlatforms) = postSolution
		{48213F1D-2279-45DD-B44F-FA903BD935FF}.Debug|Any CPU.ActiveCfg = Debug|Any CPU
		{48213F1D-2279-45DD-B44F-FA903BD935FF}.Debug|Any CPU.Build.0 = Debug|Any CPU
		{48213F1D-2279-45DD-B44F-FA903BD935FF}.Release|Any CPU.ActiveCfg = Release|Any CPU
		{48213F1D-2279-45DD-B44F-FA903BD935FF}.Release|Any CPU.Build.0 = Release|Any CPU
	EndGlobalSection
	GlobalSection(SolutionProperties) = preSolution
		HideSolutionNode = FALSE
	EndGlobalSection
	GlobalSection(ExtensibilityGlobals) = postSolution
		SolutionGuid = {7756A21C-F025-4B93-A998-43CE22646F09}
	EndGlobalSection
EndGlobal
